
Microsoft Visual Studio Solution File, Format Version 12.00
# Visual Studio 15
VisualStudioVersion = 15.0.27703.2042
MinimumVisualStudioVersion = 10.0.40219.1
Project("{9A19103F-16F7-4668-BE54-9A1E7A4F7556}") = "Cars", "Cars\Cars.csproj", "{328C1DF9-E439-4C5C-9B4E-78EC02A8447A}"
EndProject
Project("{2150E333-8FDC-42A3-9474-1A3956D46DE8}") = "Solution Items", "Solution Items", "{4F0DF404-C4BE-4FFC-B0A1-E5FD07F8A48E}"
	ProjectSection(SolutionItems) = preProject
		Description.txt = Description.txt
	EndProjectSection
EndProject
Global
	GlobalSection(SolutionConfigurationPlatforms) = preSolution
		Debug|Any CPU = Debug|Any CPU
		Release|Any CPU = Release|Any CPU
	EndGlobalSection
	GlobalSection(ProjectConfigurationPlatforms) = postSolution
		{328C1DF9-E439-4C5C-9B4E-78EC02A8447A}.Debug|Any CPU.ActiveCfg = Debug|Any CPU
		{328C1DF9-E439-4C5C-9B4E-78EC02A8447A}.Debug|Any CPU.Build.0 = Debug|Any CPU
		{328C1DF9-E439-4C5C-9B4E-78EC02A8447A}.Release|Any CPU.ActiveCfg = Release|Any CPU
		{328C1DF9-E439-4C5C-9B4E-78EC02A8447A}.Release|Any CPU.Build.0 = Release|Any CPU
	EndGlobalSection
	GlobalSection(SolutionProperties) = preSolution
		HideSolutionNode = FALSE
	EndGlobalSection
	GlobalSection(ExtensibilityGlobals) = postSolution
		SolutionGuid = {A10D6938-3059-4483-B03C-675BF80A0B3E}
	EndGlobalSection
EndGlobal
